// !$*UTF8*$!
{
	archiveVersion = 1;
	classes = {
	};
	objectVersion = 46;
	objects = {

/* Begin PBXBuildFile section */
		083D28151E781575003E8D1B /* Character.swift in Sources */ = {isa = PBXBuildFile; fileRef = 083D28141E781575003E8D1B /* Character.swift */; };
		087109111E65BA3E0044C5E4 /* AppDelegate.swift in Sources */ = {isa = PBXBuildFile; fileRef = 087109101E65BA3E0044C5E4 /* AppDelegate.swift */; };
		087109161E65BA3E0044C5E4 /* Main.storyboard in Resources */ = {isa = PBXBuildFile; fileRef = 087109141E65BA3E0044C5E4 /* Main.storyboard */; };
		087109181E65BA3E0044C5E4 /* Assets.xcassets in Resources */ = {isa = PBXBuildFile; fileRef = 087109171E65BA3E0044C5E4 /* Assets.xcassets */; };
		0871091B1E65BA3E0044C5E4 /* LaunchScreen.storyboard in Resources */ = {isa = PBXBuildFile; fileRef = 087109191E65BA3E0044C5E4 /* LaunchScreen.storyboard */; };
		087109231E65C4720044C5E4 /* StartTableViewController.swift in Sources */ = {isa = PBXBuildFile; fileRef = 087109221E65C4720044C5E4 /* StartTableViewController.swift */; };
		087109251E65C4BF0044C5E4 /* CatTableViewCell.swift in Sources */ = {isa = PBXBuildFile; fileRef = 087109241E65C4BF0044C5E4 /* CatTableViewCell.swift */; };
		08D13A251E7AC54200CF4E3B /* Vehicle.swift in Sources */ = {isa = PBXBuildFile; fileRef = 08D13A241E7AC54200CF4E3B /* Vehicle.swift */; };
		08D13A271E7AC9EB00CF4E3B /* Starship.swift in Sources */ = {isa = PBXBuildFile; fileRef = 08D13A261E7AC9EB00CF4E3B /* Starship.swift */; };
		08D13A2D1E7ADDE800CF4E3B /* DataModel.swift in Sources */ = {isa = PBXBuildFile; fileRef = 08D13A2C1E7ADDE800CF4E3B /* DataModel.swift */; };
		08D13A331E7ADE4100CF4E3B /* NameTableViewCell.swift in Sources */ = {isa = PBXBuildFile; fileRef = 08D13A321E7ADE4100CF4E3B /* NameTableViewCell.swift */; };
		D0F4B4C81E38F568BCF696C4 /* Pods_Api_Awakens_TH.framework in Frameworks */ = {isa = PBXBuildFile; fileRef = B58FE93C392903328F0206F9 /* Pods_Api_Awakens_TH.framework */; };
/* End PBXBuildFile section */

/* Begin PBXFileReference section */
		00F50CABC3800CCD85B1DF18 /* Pods-Api Awakens TH.release.xcconfig */ = {isa = PBXFileReference; includeInIndex = 1; lastKnownFileType = text.xcconfig; name = "Pods-Api Awakens TH.release.xcconfig"; path = "Pods/Target Support Files/Pods-Api Awakens TH/Pods-Api Awakens TH.release.xcconfig"; sourceTree = "<group>"; };
		083D28141E781575003E8D1B /* Character.swift */ = {isa = PBXFileReference; fileEncoding = 4; lastKnownFileType = sourcecode.swift; path = Character.swift; sourceTree = "<group>"; };
		0871090D1E65BA3E0044C5E4 /* Api Awakens TH.app */ = {isa = PBXFileReference; explicitFileType = wrapper.application; includeInIndex = 0; path = "Api Awakens TH.app"; sourceTree = BUILT_PRODUCTS_DIR; };
		087109101E65BA3E0044C5E4 /* AppDelegate.swift */ = {isa = PBXFileReference; lastKnownFileType = sourcecode.swift; path = AppDelegate.swift; sourceTree = "<group>"; };
		087109151E65BA3E0044C5E4 /* Base */ = {isa = PBXFileReference; lastKnownFileType = file.storyboard; name = Base; path = Base.lproj/Main.storyboard; sourceTree = "<group>"; };
		087109171E65BA3E0044C5E4 /* Assets.xcassets */ = {isa = PBXFileReference; lastKnownFileType = folder.assetcatalog; path = Assets.xcassets; sourceTree = "<group>"; };
		0871091A1E65BA3E0044C5E4 /* Base */ = {isa = PBXFileReference; lastKnownFileType = file.storyboard; name = Base; path = Base.lproj/LaunchScreen.storyboard; sourceTree = "<group>"; };
		0871091C1E65BA3E0044C5E4 /* Info.plist */ = {isa = PBXFileReference; lastKnownFileType = text.plist.xml; path = Info.plist; sourceTree = "<group>"; };
		087109221E65C4720044C5E4 /* StartTableViewController.swift */ = {isa = PBXFileReference; fileEncoding = 4; lastKnownFileType = sourcecode.swift; path = StartTableViewController.swift; sourceTree = "<group>"; };
		087109241E65C4BF0044C5E4 /* CatTableViewCell.swift */ = {isa = PBXFileReference; fileEncoding = 4; lastKnownFileType = sourcecode.swift; path = CatTableViewCell.swift; sourceTree = "<group>"; };
		08D13A241E7AC54200CF4E3B /* Vehicle.swift */ = {isa = PBXFileReference; fileEncoding = 4; lastKnownFileType = sourcecode.swift; path = Vehicle.swift; sourceTree = "<group>"; };
		08D13A261E7AC9EB00CF4E3B /* Starship.swift */ = {isa = PBXFileReference; fileEncoding = 4; lastKnownFileType = sourcecode.swift; path = Starship.swift; sourceTree = "<group>"; };
		08D13A2C1E7ADDE800CF4E3B /* DataModel.swift */ = {isa = PBXFileReference; fileEncoding = 4; lastKnownFileType = sourcecode.swift; path = DataModel.swift; sourceTree = "<group>"; };
		08D13A321E7ADE4100CF4E3B /* NameTableViewCell.swift */ = {isa = PBXFileReference; fileEncoding = 4; lastKnownFileType = sourcecode.swift; path = NameTableViewCell.swift; sourceTree = "<group>"; };
		2088F3D6D6BEE18DD73EF6F9 /* Pods-Api Awakens TH.debug.xcconfig */ = {isa = PBXFileReference; includeInIndex = 1; lastKnownFileType = text.xcconfig; name = "Pods-Api Awakens TH.debug.xcconfig"; path = "Pods/Target Support Files/Pods-Api Awakens TH/Pods-Api Awakens TH.debug.xcconfig"; sourceTree = "<group>"; };
		B58FE93C392903328F0206F9 /* Pods_Api_Awakens_TH.framework */ = {isa = PBXFileReference; explicitFileType = wrapper.framework; includeInIndex = 0; path = Pods_Api_Awakens_TH.framework; sourceTree = BUILT_PRODUCTS_DIR; };
/* End PBXFileReference section */

/* Begin PBXFrameworksBuildPhase section */
		0871090A1E65BA3E0044C5E4 /* Frameworks */ = {
			isa = PBXFrameworksBuildPhase;
			buildActionMask = 2147483647;
			files = (
				D0F4B4C81E38F568BCF696C4 /* Pods_Api_Awakens_TH.framework in Frameworks */,
			);
			runOnlyForDeploymentPostprocessing = 0;
		};
/* End PBXFrameworksBuildPhase section */

/* Begin PBXGroup section */
		087109041E65BA3E0044C5E4 = {
			isa = PBXGroup;
			children = (
				0871090F1E65BA3E0044C5E4 /* Api Awakens TH */,
				0871090E1E65BA3E0044C5E4 /* Products */,
				8B167F44EF530C4C9EE8910F /* Pods */,
				EFE20A1F210A6B77C7537C44 /* Frameworks */,
			);
			sourceTree = "<group>";
		};
		0871090E1E65BA3E0044C5E4 /* Products */ = {
			isa = PBXGroup;
			children = (
				0871090D1E65BA3E0044C5E4 /* Api Awakens TH.app */,
			);
			name = Products;
			sourceTree = "<group>";
		};
		0871090F1E65BA3E0044C5E4 /* Api Awakens TH */ = {
			isa = PBXGroup;
			children = (
				08D13A2A1E7ADC1500CF4E3B /* Supporting files */,
				08D13A2B1E7ADC4300CF4E3B /* Data Model */,
				08D13A291E7ADC0E00CF4E3B /* Controllers */,
				08D13A281E7ADB5400CF4E3B /* TV Cells */,
			);
			path = "Api Awakens TH";
			sourceTree = "<group>";
		};
		08D13A281E7ADB5400CF4E3B /* TV Cells */ = {
			isa = PBXGroup;
			children = (
				087109241E65C4BF0044C5E4 /* CatTableViewCell.swift */,
				08D13A321E7ADE4100CF4E3B /* NameTableViewCell.swift */,
			);
			name = "TV Cells";
			sourceTree = "<group>";
		};
		08D13A291E7ADC0E00CF4E3B /* Controllers */ = {
			isa = PBXGroup;
			children = (
				087109221E65C4720044C5E4 /* StartTableViewController.swift */,
			);
			name = Controllers;
			sourceTree = "<group>";
		};
		08D13A2A1E7ADC1500CF4E3B /* Supporting files */ = {
			isa = PBXGroup;
			children = (
				087109101E65BA3E0044C5E4 /* AppDelegate.swift */,
				087109141E65BA3E0044C5E4 /* Main.storyboard */,
				087109171E65BA3E0044C5E4 /* Assets.xcassets */,
				087109191E65BA3E0044C5E4 /* LaunchScreen.storyboard */,
				0871091C1E65BA3E0044C5E4 /* Info.plist */,
			);
			name = "Supporting files";
			sourceTree = "<group>";
		};
		08D13A2B1E7ADC4300CF4E3B /* Data Model */ = {
			isa = PBXGroup;
			children = (
				083D28141E781575003E8D1B /* Character.swift */,
				08D13A241E7AC54200CF4E3B /* Vehicle.swift */,
				08D13A261E7AC9EB00CF4E3B /* Starship.swift */,
				08D13A2C1E7ADDE800CF4E3B /* DataModel.swift */,
			);
			name = "Data Model";
			sourceTree = "<group>";
		};
		8B167F44EF530C4C9EE8910F /* Pods */ = {
			isa = PBXGroup;
			children = (
				2088F3D6D6BEE18DD73EF6F9 /* Pods-Api Awakens TH.debug.xcconfig */,
				00F50CABC3800CCD85B1DF18 /* Pods-Api Awakens TH.release.xcconfig */,
			);
			name = Pods;
			sourceTree = "<group>";
		};
		EFE20A1F210A6B77C7537C44 /* Frameworks */ = {
			isa = PBXGroup;
			children = (
				B58FE93C392903328F0206F9 /* Pods_Api_Awakens_TH.framework */,
			);
			name = Frameworks;
			sourceTree = "<group>";
		};
/* End PBXGroup section */

/* Begin PBXNativeTarget section */
		0871090C1E65BA3E0044C5E4 /* Api Awakens TH */ = {
			isa = PBXNativeTarget;
			buildConfigurationList = 0871091F1E65BA3E0044C5E4 /* Build configuration list for PBXNativeTarget "Api Awakens TH" */;
			buildPhases = (
				82EC00B1B8C0E1A92041CA4E /* [CP] Check Pods Manifest.lock */,
				087109091E65BA3E0044C5E4 /* Sources */,
				0871090A1E65BA3E0044C5E4 /* Frameworks */,
				0871090B1E65BA3E0044C5E4 /* Resources */,
				D04EE636D1A9C4FD8228C363 /* [CP] Embed Pods Frameworks */,
				DC496F1B8BF27C3E5961B2F7 /* [CP] Copy Pods Resources */,
			);
			buildRules = (
			);
			dependencies = (
			);
			name = "Api Awakens TH";
			productName = "Api Awakens TH";
			productReference = 0871090D1E65BA3E0044C5E4 /* Api Awakens TH.app */;
			productType = "com.apple.product-type.application";
		};
/* End PBXNativeTarget section */

/* Begin PBXProject section */
		087109051E65BA3E0044C5E4 /* Project object */ = {
			isa = PBXProject;
			attributes = {
				LastSwiftUpdateCheck = 0820;
				LastUpgradeCheck = 0830;
				ORGANIZATIONNAME = JarICT;
				TargetAttributes = {
					0871090C1E65BA3E0044C5E4 = {
						CreatedOnToolsVersion = 8.2.1;
						DevelopmentTeam = CH45DPWU9R;
						ProvisioningStyle = Automatic;
					};
				};
			};
			buildConfigurationList = 087109081E65BA3E0044C5E4 /* Build configuration list for PBXProject "Api Awakens TH" */;
			compatibilityVersion = "Xcode 3.2";
			developmentRegion = English;
			hasScannedForEncodings = 0;
			knownRegions = (
				en,
				Base,
			);
			mainGroup = 087109041E65BA3E0044C5E4;
			productRefGroup = 0871090E1E65BA3E0044C5E4 /* Products */;
			projectDirPath = "";
			projectRoot = "";
			targets = (
				0871090C1E65BA3E0044C5E4 /* Api Awakens TH */,
			);
		};
/* End PBXProject section */

/* Begin PBXResourcesBuildPhase section */
		0871090B1E65BA3E0044C5E4 /* Resources */ = {
			isa = PBXResourcesBuildPhase;
			buildActionMask = 2147483647;
			files = (
				0871091B1E65BA3E0044C5E4 /* LaunchScreen.storyboard in Resources */,
				087109181E65BA3E0044C5E4 /* Assets.xcassets in Resources */,
				087109161E65BA3E0044C5E4 /* Main.storyboard in Resources */,
			);
			runOnlyForDeploymentPostprocessing = 0;
		};
/* End PBXResourcesBuildPhase section */

/* Begin PBXShellScriptBuildPhase section */
		82EC00B1B8C0E1A92041CA4E /* [CP] Check Pods Manifest.lock */ = {
			isa = PBXShellScriptBuildPhase;
			buildActionMask = 2147483647;
			files = (
			);
			inputPaths = (
			);
			name = "[CP] Check Pods Manifest.lock";
			outputPaths = (
			);
			runOnlyForDeploymentPostprocessing = 0;
			shellPath = /bin/sh;
			shellScript = "diff \"${PODS_ROOT}/../Podfile.lock\" \"${PODS_ROOT}/Manifest.lock\" > /dev/null\nif [ $? != 0 ] ; then\n    # print error to STDERR\n    echo \"error: The sandbox is not in sync with the Podfile.lock. Run 'pod install' or update your CocoaPods installation.\" >&2\n    exit 1\nfi\n";
			showEnvVarsInLog = 0;
		};
		D04EE636D1A9C4FD8228C363 /* [CP] Embed Pods Frameworks */ = {
			isa = PBXShellScriptBuildPhase;
			buildActionMask = 2147483647;
			files = (
			);
			inputPaths = (
			);
			name = "[CP] Embed Pods Frameworks";
			outputPaths = (
			);
			runOnlyForDeploymentPostprocessing = 0;
			shellPath = /bin/sh;
			shellScript = "\"${SRCROOT}/Pods/Target Support Files/Pods-Api Awakens TH/Pods-Api Awakens TH-frameworks.sh\"\n";
			showEnvVarsInLog = 0;
		};
		DC496F1B8BF27C3E5961B2F7 /* [CP] Copy Pods Resources */ = {
			isa = PBXShellScriptBuildPhase;
			buildActionMask = 2147483647;
			files = (
			);
			inputPaths = (
			);
			name = "[CP] Copy Pods Resources";
			outputPaths = (
			);
			runOnlyForDeploymentPostprocessing = 0;
			shellPath = /bin/sh;
			shellScript = "\"${SRCROOT}/Pods/Target Support Files/Pods-Api Awakens TH/Pods-Api Awakens TH-resources.sh\"\n";
			showEnvVarsInLog = 0;
		};
/* End PBXShellScriptBuildPhase section */

/* Begin PBXSourcesBuildPhase section */
		087109091E65BA3E0044C5E4 /* Sources */ = {
			isa = PBXSourcesBuildPhase;
			buildActionMask = 2147483647;
			files = (
				08D13A2D1E7ADDE800CF4E3B /* DataModel.swift in Sources */,
				087109251E65C4BF0044C5E4 /* CatTableViewCell.swift in Sources */,
				087109231E65C4720044C5E4 /* StartTableViewController.swift in Sources */,
				087109111E65BA3E0044C5E4 /* AppDelegate.swift in Sources */,
				08D13A271E7AC9EB00CF4E3B /* Starship.swift in Sources */,
				08D13A251E7AC54200CF4E3B /* Vehicle.swift in Sources */,
				08D13A331E7ADE4100CF4E3B /* NameTableViewCell.swift in Sources */,
				083D28151E781575003E8D1B /* Character.swift in Sources */,
			);
			runOnlyForDeploymentPostprocessing = 0;
		};
/* End PBXSourcesBuildPhase section */

/* Begin PBXVariantGroup section */
		087109141E65BA3E0044C5E4 /* Main.storyboard */ = {
			isa = PBXVariantGroup;
			children = (
				087109151E65BA3E0044C5E4 /* Base */,
			);
			name = Main.storyboard;
			sourceTree = "<group>";
		};
		087109191E65BA3E0044C5E4 /* LaunchScreen.storyboard */ = {
			isa = PBXVariantGroup;
			children = (
				0871091A1E65BA3E0044C5E4 /* Base */,
			);
			name = LaunchScreen.storyboard;
			sourceTree = "<group>";
		};
/* End PBXVariantGroup section */

/* Begin XCBuildConfiguration section */
		0871091D1E65BA3E0044C5E4 /* Debug */ = {
			isa = XCBuildConfiguration;
			buildSettings = {
				ALWAYS_SEARCH_USER_PATHS = NO;
				CLANG_ANALYZER_NONNULL = YES;
				CLANG_CXX_LANGUAGE_STANDARD = "gnu++0x";
				CLANG_CXX_LIBRARY = "libc++";
				CLANG_ENABLE_MODULES = YES;
				CLANG_ENABLE_OBJC_ARC = YES;
				CLANG_WARN_BOOL_CONVERSION = YES;
				CLANG_WARN_CONSTANT_CONVERSION = YES;
				CLANG_WARN_DIRECT_OBJC_ISA_USAGE = YES_ERROR;
				CLANG_WARN_DOCUMENTATION_COMMENTS = YES;
				CLANG_WARN_EMPTY_BODY = YES;
				CLANG_WARN_ENUM_CONVERSION = YES;
				CLANG_WARN_INFINITE_RECURSION = YES;
				CLANG_WARN_INT_CONVERSION = YES;
				CLANG_WARN_OBJC_ROOT_CLASS = YES_ERROR;
				CLANG_WARN_SUSPICIOUS_MOVE = YES;
				CLANG_WARN_UNREACHABLE_CODE = YES;
				CLANG_WARN__DUPLICATE_METHOD_MATCH = YES;
				"CODE_SIGN_IDENTITY[sdk=iphoneos*]" = "iPhone Developer";
				COPY_PHASE_STRIP = NO;
				DEBUG_INFORMATION_FORMAT = dwarf;
				ENABLE_STRICT_OBJC_MSGSEND = YES;
				ENABLE_TESTABILITY = YES;
				GCC_C_LANGUAGE_STANDARD = gnu99;
				GCC_DYNAMIC_NO_PIC = NO;
				GCC_NO_COMMON_BLOCKS = YES;
				GCC_OPTIMIZATION_LEVEL = 0;
				GCC_PREPROCESSOR_DEFINITIONS = (
					"DEBUG=1",
					"$(inherited)",
				);
				GCC_WARN_64_TO_32_BIT_CONVERSION = YES;
				GCC_WARN_ABOUT_RETURN_TYPE = YES_ERROR;
				GCC_WARN_UNDECLARED_SELECTOR = YES;
				GCC_WARN_UNINITIALIZED_AUTOS = YES_AGGRESSIVE;
				GCC_WARN_UNUSED_FUNCTION = YES;
				GCC_WARN_UNUSED_VARIABLE = YES;
				IPHONEOS_DEPLOYMENT_TARGET = 10.2;
				MTL_ENABLE_DEBUG_INFO = YES;
				ONLY_ACTIVE_ARCH = YES;
				SDKROOT = iphoneos;
				SWIFT_ACTIVE_COMPILATION_CONDITIONS = DEBUG;
				SWIFT_OPTIMIZATION_LEVEL = "-Onone";
			};
			name = Debug;
		};
		0871091E1E65BA3E0044C5E4 /* Release */ = {
			isa = XCBuildConfiguration;
			buildSettings = {
				ALWAYS_SEARCH_USER_PATHS = NO;
				CLANG_ANALYZER_NONNULL = YES;
				CLANG_CXX_LANGUAGE_STANDARD = "gnu++0x";
				CLANG_CXX_LIBRARY = "libc++";
				CLANG_ENABLE_MODULES = YES;
				CLANG_ENABLE_OBJC_ARC = YES;
				CLANG_WARN_BOOL_CONVERSION = YES;
				CLANG_WARN_CONSTANT_CONVERSION = YES;
				CLANG_WARN_DIRECT_OBJC_ISA_USAGE = YES_ERROR;
				CLANG_WARN_DOCUMENTATION_COMMENTS = YES;
				CLANG_WARN_EMPTY_BODY = YES;
				CLANG_WARN_ENUM_CONVERSION = YES;
				CLANG_WARN_INFINITE_RECURSION = YES;
				CLANG_WARN_INT_CONVERSION = YES;
				CLANG_WARN_OBJC_ROOT_CLASS = YES_ERROR;
				CLANG_WARN_SUSPICIOUS_MOVE = YES;
				CLANG_WARN_UNREACHABLE_CODE = YES;
				CLANG_WARN__DUPLICATE_METHOD_MATCH = YES;
				"CODE_SIGN_IDENTITY[sdk=iphoneos*]" = "iPhone Developer";
				COPY_PHASE_STRIP = NO;
				DEBUG_INFORMATION_FORMAT = "dwarf-with-dsym";
				ENABLE_NS_ASSERTIONS = NO;
				ENABLE_STRICT_OBJC_MSGSEND = YES;
				GCC_C_LANGUAGE_STANDARD = gnu99;
				GCC_NO_COMMON_BLOCKS = YES;
				GCC_WARN_64_TO_32_BIT_CONVERSION = YES;
				GCC_WARN_ABOUT_RETURN_TYPE = YES_ERROR;
				GCC_WARN_UNDECLARED_SELECTOR = YES;
				GCC_WARN_UNINITIALIZED_AUTOS = YES_AGGRESSIVE;
				GCC_WARN_UNUSED_FUNCTION = YES;
				GCC_WARN_UNUSED_VARIABLE = YES;
				IPHONEOS_DEPLOYMENT_TARGET = 10.2;
				MTL_ENABLE_DEBUG_INFO = NO;
				SDKROOT = iphoneos;
				SWIFT_OPTIMIZATION_LEVEL = "-Owholemodule";
				VALIDATE_PRODUCT = YES;
			};
			name = Release;
		};
		087109201E65BA3E0044C5E4 /* Debug */ = {
			isa = XCBuildConfiguration;
			baseConfigurationReference = 2088F3D6D6BEE18DD73EF6F9 /* Pods-Api Awakens TH.debug.xcconfig */;
			buildSettings = {
				ALWAYS_EMBED_SWIFT_STANDARD_LIBRARIES = YES;
				ASSETCATALOG_COMPILER_APPICON_NAME = AppIcon;
				DEVELOPMENT_TEAM = CH45DPWU9R;
				INFOPLIST_FILE = "Api Awakens TH/Info.plist";
				LD_RUNPATH_SEARCH_PATHS = "$(inherited) @executable_path/Frameworks";
				PRODUCT_BUNDLE_IDENTIFIER = "nl.jarict.Api-Awakens-TH";
				PRODUCT_NAME = "$(TARGET_NAME)";
				SWIFT_VERSION = 3.0;
			};
			name = Debug;
		};
		087109211E65BA3E0044C5E4 /* Release */ = {
			isa = XCBuildConfiguration;
			baseConfigurationReference = 00F50CABC3800CCD85B1DF18 /* Pods-Api Awakens TH.release.xcconfig */;
			buildSettings = {
				ALWAYS_EMBED_SWIFT_STANDARD_LIBRARIES = YES;
				ASSETCATALOG_COMPILER_APPICON_NAME = AppIcon;
				DEVELOPMENT_TEAM = CH45DPWU9R;
				INFOPLIST_FILE = "Api Awakens TH/Info.plist";
				LD_RUNPATH_SEARCH_PATHS = "$(inherited) @executable_path/Frameworks";
				PRODUCT_BUNDLE_IDENTIFIER = "nl.jarict.Api-Awakens-TH";
				PRODUCT_NAME = "$(TARGET_NAME)";
				SWIFT_VERSION = 3.0;
			};
			name = Release;
		};
/* End XCBuildConfiguration section */

/* Begin XCConfigurationList section */
		087109081E65BA3E0044C5E4 /* Build configuration list for PBXProject "Api Awakens TH" */ = {
			isa = XCConfigurationList;
			buildConfigurations = (
				0871091D1E65BA3E0044C5E4 /* Debug */,
				0871091E1E65BA3E0044C5E4 /* Release */,
			);
			defaultConfigurationIsVisible = 0;
			defaultConfigurationName = Release;
		};
		0871091F1E65BA3E0044C5E4 /* Build configuration list for PBXNativeTarget "Api Awakens TH" */ = {
			isa = XCConfigurationList;
			buildConfigurations = (
				087109201E65BA3E0044C5E4 /* Debug */,
				087109211E65BA3E0044C5E4 /* Release */,
			);
			defaultConfigurationIsVisible = 0;
			defaultConfigurationName = Release;
		};
/* End XCConfigurationList section */
	};
	rootObject = 087109051E65BA3E0044C5E4 /* Project object */;
}
